// !$*UTF8*$!
{
	archiveVersion = 1;
	classes = {
	};
	objectVersion = 56;
	objects = {

/* Begin PBXBuildFile section */
		920396E328F1AC6700FCD995 /* MelhorAppDeLembretesApp.swift in Sources */ = {isa = PBXBuildFile; fileRef = 920396E228F1AC6700FCD995 /* MelhorAppDeLembretesApp.swift */; };
		920396E528F1AC6700FCD995 /* ContentView.swift in Sources */ = {isa = PBXBuildFile; fileRef = 920396E428F1AC6700FCD995 /* ContentView.swift */; };
		920396E728F1AC6900FCD995 /* Assets.xcassets in Resources */ = {isa = PBXBuildFile; fileRef = 920396E628F1AC6900FCD995 /* Assets.xcassets */; };
		920396EA28F1AC6900FCD995 /* Preview Assets.xcassets in Resources */ = {isa = PBXBuildFile; fileRef = 920396E928F1AC6900FCD995 /* Preview Assets.xcassets */; };
		920396EC28F1AC6900FCD995 /* Persistence.swift in Sources */ = {isa = PBXBuildFile; fileRef = 920396EB28F1AC6900FCD995 /* Persistence.swift */; };
		920396EF28F1AC6900FCD995 /* MelhorAppDeLembretes.xcdatamodeld in Sources */ = {isa = PBXBuildFile; fileRef = 920396ED28F1AC6900FCD995 /* MelhorAppDeLembretes.xcdatamodeld */; };
		920396F928F1AC6900FCD995 /* MelhorAppDeLembretesTests.swift in Sources */ = {isa = PBXBuildFile; fileRef = 920396F828F1AC6900FCD995 /* MelhorAppDeLembretesTests.swift */; };
		9203970328F1AC6900FCD995 /* MelhorAppDeLembretesUITests.swift in Sources */ = {isa = PBXBuildFile; fileRef = 9203970228F1AC6900FCD995 /* MelhorAppDeLembretesUITests.swift */; };
		9203970528F1AC6900FCD995 /* MelhorAppDeLembretesUITestsLaunchTests.swift in Sources */ = {isa = PBXBuildFile; fileRef = 9203970428F1AC6900FCD995 /* MelhorAppDeLembretesUITestsLaunchTests.swift */; };
		920F2E3128F5ACBB00C823E0 /* AboutView.swift in Sources */ = {isa = PBXBuildFile; fileRef = 920F2E3028F5ACBB00C823E0 /* AboutView.swift */; };
		9286E60928F8D79F00A6E96B /* FirebaseAnalytics in Frameworks */ = {isa = PBXBuildFile; productRef = 9286E60828F8D79F00A6E96B /* FirebaseAnalytics */; };
		9286E60B28F8D79F00A6E96B /* FirebaseAnalyticsOnDeviceConversion in Frameworks */ = {isa = PBXBuildFile; productRef = 9286E60A28F8D79F00A6E96B /* FirebaseAnalyticsOnDeviceConversion */; };
		9286E60D28F8D79F00A6E96B /* FirebaseAnalyticsSwift in Frameworks */ = {isa = PBXBuildFile; productRef = 9286E60C28F8D79F00A6E96B /* FirebaseAnalyticsSwift */; };
		9286E60F28F8D79F00A6E96B /* FirebaseAnalyticsWithoutAdIdSupport in Frameworks */ = {isa = PBXBuildFile; productRef = 9286E60E28F8D79F00A6E96B /* FirebaseAnalyticsWithoutAdIdSupport */; };
		9286E61128F8D79F00A6E96B /* FirebaseAppCheck in Frameworks */ = {isa = PBXBuildFile; productRef = 9286E61028F8D79F00A6E96B /* FirebaseAppCheck */; };
		9286E61328F8D79F00A6E96B /* FirebaseAppDistribution-Beta in Frameworks */ = {isa = PBXBuildFile; productRef = 9286E61228F8D79F00A6E96B /* FirebaseAppDistribution-Beta */; };
		9286E61528F8D79F00A6E96B /* FirebaseAuth in Frameworks */ = {isa = PBXBuildFile; productRef = 9286E61428F8D79F00A6E96B /* FirebaseAuth */; };
		9286E61728F8D79F00A6E96B /* FirebaseAuthCombine-Community in Frameworks */ = {isa = PBXBuildFile; productRef = 9286E61628F8D79F00A6E96B /* FirebaseAuthCombine-Community */; };
		9286E61928F8D79F00A6E96B /* FirebaseCrashlytics in Frameworks */ = {isa = PBXBuildFile; productRef = 9286E61828F8D79F00A6E96B /* FirebaseCrashlytics */; };
		9286E61B28F8D79F00A6E96B /* FirebaseDatabase in Frameworks */ = {isa = PBXBuildFile; productRef = 9286E61A28F8D79F00A6E96B /* FirebaseDatabase */; };
		9286E61D28F8D79F00A6E96B /* FirebaseDatabaseSwift in Frameworks */ = {isa = PBXBuildFile; productRef = 9286E61C28F8D79F00A6E96B /* FirebaseDatabaseSwift */; };
		9286E61F28F8D79F00A6E96B /* FirebaseDynamicLinks in Frameworks */ = {isa = PBXBuildFile; productRef = 9286E61E28F8D79F00A6E96B /* FirebaseDynamicLinks */; };
		9286E62128F8D79F00A6E96B /* FirebaseFirestore in Frameworks */ = {isa = PBXBuildFile; productRef = 9286E62028F8D79F00A6E96B /* FirebaseFirestore */; };
		9286E62328F8D79F00A6E96B /* FirebaseFirestoreCombine-Community in Frameworks */ = {isa = PBXBuildFile; productRef = 9286E62228F8D79F00A6E96B /* FirebaseFirestoreCombine-Community */; };
		9286E62528F8D79F00A6E96B /* FirebaseFirestoreSwift in Frameworks */ = {isa = PBXBuildFile; productRef = 9286E62428F8D79F00A6E96B /* FirebaseFirestoreSwift */; };
		9286E62728F8D79F00A6E96B /* FirebaseFunctions in Frameworks */ = {isa = PBXBuildFile; productRef = 9286E62628F8D79F00A6E96B /* FirebaseFunctions */; };
		9286E62928F8D79F00A6E96B /* FirebaseFunctionsCombine-Community in Frameworks */ = {isa = PBXBuildFile; productRef = 9286E62828F8D79F00A6E96B /* FirebaseFunctionsCombine-Community */; };
		9286E62B28F8D79F00A6E96B /* FirebaseInAppMessaging-Beta in Frameworks */ = {isa = PBXBuildFile; productRef = 9286E62A28F8D79F00A6E96B /* FirebaseInAppMessaging-Beta */; };
		9286E62D28F8D79F00A6E96B /* FirebaseInAppMessagingSwift-Beta in Frameworks */ = {isa = PBXBuildFile; productRef = 9286E62C28F8D79F00A6E96B /* FirebaseInAppMessagingSwift-Beta */; };
		9286E62F28F8D79F00A6E96B /* FirebaseInstallations in Frameworks */ = {isa = PBXBuildFile; productRef = 9286E62E28F8D79F00A6E96B /* FirebaseInstallations */; };
		9286E63128F8D79F00A6E96B /* FirebaseMLModelDownloader in Frameworks */ = {isa = PBXBuildFile; productRef = 9286E63028F8D79F00A6E96B /* FirebaseMLModelDownloader */; };
		9286E63328F8D79F00A6E96B /* FirebaseMessaging in Frameworks */ = {isa = PBXBuildFile; productRef = 9286E63228F8D79F00A6E96B /* FirebaseMessaging */; };
		9286E63528F8D79F00A6E96B /* FirebasePerformance in Frameworks */ = {isa = PBXBuildFile; productRef = 9286E63428F8D79F00A6E96B /* FirebasePerformance */; };
		9286E63728F8D79F00A6E96B /* FirebaseRemoteConfig in Frameworks */ = {isa = PBXBuildFile; productRef = 9286E63628F8D79F00A6E96B /* FirebaseRemoteConfig */; };
		9286E63928F8D79F00A6E96B /* FirebaseRemoteConfigSwift in Frameworks */ = {isa = PBXBuildFile; productRef = 9286E63828F8D79F00A6E96B /* FirebaseRemoteConfigSwift */; };
		9286E63B28F8D79F00A6E96B /* FirebaseStorage in Frameworks */ = {isa = PBXBuildFile; productRef = 9286E63A28F8D79F00A6E96B /* FirebaseStorage */; };
		9286E63D28F8D79F00A6E96B /* FirebaseStorageCombine-Community in Frameworks */ = {isa = PBXBuildFile; productRef = 9286E63C28F8D79F00A6E96B /* FirebaseStorageCombine-Community */; };
		9286E63F28F8DBC100A6E96B /* GoogleService-Info.plist in Resources */ = {isa = PBXBuildFile; fileRef = 9286E63E28F8DBC100A6E96B /* GoogleService-Info.plist */; };
/* End PBXBuildFile section */

/* Begin PBXContainerItemProxy section */
		920396F528F1AC6900FCD995 /* PBXContainerItemProxy */ = {
			isa = PBXContainerItemProxy;
			containerPortal = 920396D728F1AC6700FCD995 /* Project object */;
			proxyType = 1;
			remoteGlobalIDString = 920396DE28F1AC6700FCD995;
			remoteInfo = MelhorAppDeLembretes;
		};
		920396FF28F1AC6900FCD995 /* PBXContainerItemProxy */ = {
			isa = PBXContainerItemProxy;
			containerPortal = 920396D728F1AC6700FCD995 /* Project object */;
			proxyType = 1;
			remoteGlobalIDString = 920396DE28F1AC6700FCD995;
			remoteInfo = MelhorAppDeLembretes;
		};
/* End PBXContainerItemProxy section */

/* Begin PBXFileReference section */
		920396DF28F1AC6700FCD995 /* MelhorAppDeLembretes.app */ = {isa = PBXFileReference; explicitFileType = wrapper.application; includeInIndex = 0; path = MelhorAppDeLembretes.app; sourceTree = BUILT_PRODUCTS_DIR; };
		920396E228F1AC6700FCD995 /* MelhorAppDeLembretesApp.swift */ = {isa = PBXFileReference; lastKnownFileType = sourcecode.swift; path = MelhorAppDeLembretesApp.swift; sourceTree = "<group>"; };
		920396E428F1AC6700FCD995 /* ContentView.swift */ = {isa = PBXFileReference; lastKnownFileType = sourcecode.swift; path = ContentView.swift; sourceTree = "<group>"; };
		920396E628F1AC6900FCD995 /* Assets.xcassets */ = {isa = PBXFileReference; lastKnownFileType = folder.assetcatalog; path = Assets.xcassets; sourceTree = "<group>"; };
		920396E928F1AC6900FCD995 /* Preview Assets.xcassets */ = {isa = PBXFileReference; lastKnownFileType = folder.assetcatalog; path = "Preview Assets.xcassets"; sourceTree = "<group>"; };
		920396EB28F1AC6900FCD995 /* Persistence.swift */ = {isa = PBXFileReference; lastKnownFileType = sourcecode.swift; path = Persistence.swift; sourceTree = "<group>"; };
		920396EE28F1AC6900FCD995 /* MelhorAppDeLembretes.xcdatamodel */ = {isa = PBXFileReference; lastKnownFileType = wrapper.xcdatamodel; path = MelhorAppDeLembretes.xcdatamodel; sourceTree = "<group>"; };
		920396F428F1AC6900FCD995 /* MelhorAppDeLembretesTests.xctest */ = {isa = PBXFileReference; explicitFileType = wrapper.cfbundle; includeInIndex = 0; path = MelhorAppDeLembretesTests.xctest; sourceTree = BUILT_PRODUCTS_DIR; };
		920396F828F1AC6900FCD995 /* MelhorAppDeLembretesTests.swift */ = {isa = PBXFileReference; lastKnownFileType = sourcecode.swift; path = MelhorAppDeLembretesTests.swift; sourceTree = "<group>"; };
		920396FE28F1AC6900FCD995 /* MelhorAppDeLembretesUITests.xctest */ = {isa = PBXFileReference; explicitFileType = wrapper.cfbundle; includeInIndex = 0; path = MelhorAppDeLembretesUITests.xctest; sourceTree = BUILT_PRODUCTS_DIR; };
		9203970228F1AC6900FCD995 /* MelhorAppDeLembretesUITests.swift */ = {isa = PBXFileReference; lastKnownFileType = sourcecode.swift; path = MelhorAppDeLembretesUITests.swift; sourceTree = "<group>"; };
		9203970428F1AC6900FCD995 /* MelhorAppDeLembretesUITestsLaunchTests.swift */ = {isa = PBXFileReference; lastKnownFileType = sourcecode.swift; path = MelhorAppDeLembretesUITestsLaunchTests.swift; sourceTree = "<group>"; };
		920F2E3028F5ACBB00C823E0 /* AboutView.swift */ = {isa = PBXFileReference; lastKnownFileType = sourcecode.swift; path = AboutView.swift; sourceTree = "<group>"; };
		9286E63E28F8DBC100A6E96B /* GoogleService-Info.plist */ = {isa = PBXFileReference; fileEncoding = 4; lastKnownFileType = text.plist.xml; path = "GoogleService-Info.plist"; sourceTree = "<group>"; };
/* End PBXFileReference section */

/* Begin PBXFrameworksBuildPhase section */
		920396DC28F1AC6700FCD995 /* Frameworks */ = {
			isa = PBXFrameworksBuildPhase;
			buildActionMask = 2147483647;
			files = (
				9286E61B28F8D79F00A6E96B /* FirebaseDatabase in Frameworks */,
				9286E62928F8D79F00A6E96B /* FirebaseFunctionsCombine-Community in Frameworks */,
				9286E62128F8D79F00A6E96B /* FirebaseFirestore in Frameworks */,
				9286E60D28F8D79F00A6E96B /* FirebaseAnalyticsSwift in Frameworks */,
				9286E60928F8D79F00A6E96B /* FirebaseAnalytics in Frameworks */,
				9286E60B28F8D79F00A6E96B /* FirebaseAnalyticsOnDeviceConversion in Frameworks */,
				9286E63128F8D79F00A6E96B /* FirebaseMLModelDownloader in Frameworks */,
				9286E62528F8D79F00A6E96B /* FirebaseFirestoreSwift in Frameworks */,
				9286E61128F8D79F00A6E96B /* FirebaseAppCheck in Frameworks */,
				9286E60F28F8D79F00A6E96B /* FirebaseAnalyticsWithoutAdIdSupport in Frameworks */,
				9286E61528F8D79F00A6E96B /* FirebaseAuth in Frameworks */,
				9286E61928F8D79F00A6E96B /* FirebaseCrashlytics in Frameworks */,
				9286E63928F8D79F00A6E96B /* FirebaseRemoteConfigSwift in Frameworks */,
				9286E62B28F8D79F00A6E96B /* FirebaseInAppMessaging-Beta in Frameworks */,
				9286E61D28F8D79F00A6E96B /* FirebaseDatabaseSwift in Frameworks */,
				9286E62728F8D79F00A6E96B /* FirebaseFunctions in Frameworks */,
				9286E63D28F8D79F00A6E96B /* FirebaseStorageCombine-Community in Frameworks */,
				9286E63728F8D79F00A6E96B /* FirebaseRemoteConfig in Frameworks */,
				9286E61328F8D79F00A6E96B /* FirebaseAppDistribution-Beta in Frameworks */,
				9286E61728F8D79F00A6E96B /* FirebaseAuthCombine-Community in Frameworks */,
				9286E63528F8D79F00A6E96B /* FirebasePerformance in Frameworks */,
				9286E62D28F8D79F00A6E96B /* FirebaseInAppMessagingSwift-Beta in Frameworks */,
				9286E63B28F8D79F00A6E96B /* FirebaseStorage in Frameworks */,
				9286E61F28F8D79F00A6E96B /* FirebaseDynamicLinks in Frameworks */,
				9286E62328F8D79F00A6E96B /* FirebaseFirestoreCombine-Community in Frameworks */,
				9286E63328F8D79F00A6E96B /* FirebaseMessaging in Frameworks */,
				9286E62F28F8D79F00A6E96B /* FirebaseInstallations in Frameworks */,
			);
			runOnlyForDeploymentPostprocessing = 0;
		};
		920396F128F1AC6900FCD995 /* Frameworks */ = {
			isa = PBXFrameworksBuildPhase;
			buildActionMask = 2147483647;
			files = (
			);
			runOnlyForDeploymentPostprocessing = 0;
		};
		920396FB28F1AC6900FCD995 /* Frameworks */ = {
			isa = PBXFrameworksBuildPhase;
			buildActionMask = 2147483647;
			files = (
			);
			runOnlyForDeploymentPostprocessing = 0;
		};
/* End PBXFrameworksBuildPhase section */

/* Begin PBXGroup section */
		920396D628F1AC6700FCD995 = {
			isa = PBXGroup;
			children = (
				920396E128F1AC6700FCD995 /* MelhorAppDeLembretes */,
				920396F728F1AC6900FCD995 /* MelhorAppDeLembretesTests */,
				9203970128F1AC6900FCD995 /* MelhorAppDeLembretesUITests */,
				920396E028F1AC6700FCD995 /* Products */,
			);
			sourceTree = "<group>";
		};
		920396E028F1AC6700FCD995 /* Products */ = {
			isa = PBXGroup;
			children = (
				920396DF28F1AC6700FCD995 /* MelhorAppDeLembretes.app */,
				920396F428F1AC6900FCD995 /* MelhorAppDeLembretesTests.xctest */,
				920396FE28F1AC6900FCD995 /* MelhorAppDeLembretesUITests.xctest */,
			);
			name = Products;
			sourceTree = "<group>";
		};
		920396E128F1AC6700FCD995 /* MelhorAppDeLembretes */ = {
			isa = PBXGroup;
			children = (
				9286E63E28F8DBC100A6E96B /* GoogleService-Info.plist */,
				920396E228F1AC6700FCD995 /* MelhorAppDeLembretesApp.swift */,
				920396E428F1AC6700FCD995 /* ContentView.swift */,
				920396E628F1AC6900FCD995 /* Assets.xcassets */,
				920396EB28F1AC6900FCD995 /* Persistence.swift */,
				920396ED28F1AC6900FCD995 /* MelhorAppDeLembretes.xcdatamodeld */,
				920396E828F1AC6900FCD995 /* Preview Content */,
				920F2E3028F5ACBB00C823E0 /* AboutView.swift */,
			);
			path = MelhorAppDeLembretes;
			sourceTree = "<group>";
		};
		920396E828F1AC6900FCD995 /* Preview Content */ = {
			isa = PBXGroup;
			children = (
				920396E928F1AC6900FCD995 /* Preview Assets.xcassets */,
			);
			path = "Preview Content";
			sourceTree = "<group>";
		};
		920396F728F1AC6900FCD995 /* MelhorAppDeLembretesTests */ = {
			isa = PBXGroup;
			children = (
				920396F828F1AC6900FCD995 /* MelhorAppDeLembretesTests.swift */,
			);
			path = MelhorAppDeLembretesTests;
			sourceTree = "<group>";
		};
		9203970128F1AC6900FCD995 /* MelhorAppDeLembretesUITests */ = {
			isa = PBXGroup;
			children = (
				9203970228F1AC6900FCD995 /* MelhorAppDeLembretesUITests.swift */,
				9203970428F1AC6900FCD995 /* MelhorAppDeLembretesUITestsLaunchTests.swift */,
			);
			path = MelhorAppDeLembretesUITests;
			sourceTree = "<group>";
		};
/* End PBXGroup section */

/* Begin PBXNativeTarget section */
		920396DE28F1AC6700FCD995 /* MelhorAppDeLembretes */ = {
			isa = PBXNativeTarget;
			buildConfigurationList = 9203970828F1AC6900FCD995 /* Build configuration list for PBXNativeTarget "MelhorAppDeLembretes" */;
			buildPhases = (
				920396DB28F1AC6700FCD995 /* Sources */,
				920396DC28F1AC6700FCD995 /* Frameworks */,
				920396DD28F1AC6700FCD995 /* Resources */,
			);
			buildRules = (
			);
			dependencies = (
			);
			name = MelhorAppDeLembretes;
			packageProductDependencies = (
				9286E60828F8D79F00A6E96B /* FirebaseAnalytics */,
				9286E60A28F8D79F00A6E96B /* FirebaseAnalyticsOnDeviceConversion */,
				9286E60C28F8D79F00A6E96B /* FirebaseAnalyticsSwift */,
				9286E60E28F8D79F00A6E96B /* FirebaseAnalyticsWithoutAdIdSupport */,
				9286E61028F8D79F00A6E96B /* FirebaseAppCheck */,
				9286E61228F8D79F00A6E96B /* FirebaseAppDistribution-Beta */,
				9286E61428F8D79F00A6E96B /* FirebaseAuth */,
				9286E61628F8D79F00A6E96B /* FirebaseAuthCombine-Community */,
				9286E61828F8D79F00A6E96B /* FirebaseCrashlytics */,
				9286E61A28F8D79F00A6E96B /* FirebaseDatabase */,
				9286E61C28F8D79F00A6E96B /* FirebaseDatabaseSwift */,
				9286E61E28F8D79F00A6E96B /* FirebaseDynamicLinks */,
				9286E62028F8D79F00A6E96B /* FirebaseFirestore */,
				9286E62228F8D79F00A6E96B /* FirebaseFirestoreCombine-Community */,
				9286E62428F8D79F00A6E96B /* FirebaseFirestoreSwift */,
				9286E62628F8D79F00A6E96B /* FirebaseFunctions */,
				9286E62828F8D79F00A6E96B /* FirebaseFunctionsCombine-Community */,
				9286E62A28F8D79F00A6E96B /* FirebaseInAppMessaging-Beta */,
				9286E62C28F8D79F00A6E96B /* FirebaseInAppMessagingSwift-Beta */,
				9286E62E28F8D79F00A6E96B /* FirebaseInstallations */,
				9286E63028F8D79F00A6E96B /* FirebaseMLModelDownloader */,
				9286E63228F8D79F00A6E96B /* FirebaseMessaging */,
				9286E63428F8D79F00A6E96B /* FirebasePerformance */,
				9286E63628F8D79F00A6E96B /* FirebaseRemoteConfig */,
				9286E63828F8D79F00A6E96B /* FirebaseRemoteConfigSwift */,
				9286E63A28F8D79F00A6E96B /* FirebaseStorage */,
				9286E63C28F8D79F00A6E96B /* FirebaseStorageCombine-Community */,
			);
			productName = MelhorAppDeLembretes;
			productReference = 920396DF28F1AC6700FCD995 /* MelhorAppDeLembretes.app */;
			productType = "com.apple.product-type.application";
		};
		920396F328F1AC6900FCD995 /* MelhorAppDeLembretesTests */ = {
			isa = PBXNativeTarget;
			buildConfigurationList = 9203970B28F1AC6900FCD995 /* Build configuration list for PBXNativeTarget "MelhorAppDeLembretesTests" */;
			buildPhases = (
				920396F028F1AC6900FCD995 /* Sources */,
				920396F128F1AC6900FCD995 /* Frameworks */,
				920396F228F1AC6900FCD995 /* Resources */,
			);
			buildRules = (
			);
			dependencies = (
				920396F628F1AC6900FCD995 /* PBXTargetDependency */,
			);
			name = MelhorAppDeLembretesTests;
			productName = MelhorAppDeLembretesTests;
			productReference = 920396F428F1AC6900FCD995 /* MelhorAppDeLembretesTests.xctest */;
			productType = "com.apple.product-type.bundle.unit-test";
		};
		920396FD28F1AC6900FCD995 /* MelhorAppDeLembretesUITests */ = {
			isa = PBXNativeTarget;
			buildConfigurationList = 9203970E28F1AC6900FCD995 /* Build configuration list for PBXNativeTarget "MelhorAppDeLembretesUITests" */;
			buildPhases = (
				920396FA28F1AC6900FCD995 /* Sources */,
				920396FB28F1AC6900FCD995 /* Frameworks */,
				920396FC28F1AC6900FCD995 /* Resources */,
			);
			buildRules = (
			);
			dependencies = (
				9203970028F1AC6900FCD995 /* PBXTargetDependency */,
			);
			name = MelhorAppDeLembretesUITests;
			productName = MelhorAppDeLembretesUITests;
			productReference = 920396FE28F1AC6900FCD995 /* MelhorAppDeLembretesUITests.xctest */;
			productType = "com.apple.product-type.bundle.ui-testing";
		};
/* End PBXNativeTarget section */

/* Begin PBXProject section */
		920396D728F1AC6700FCD995 /* Project object */ = {
			isa = PBXProject;
			attributes = {
				BuildIndependentTargetsInParallel = 1;
				LastSwiftUpdateCheck = 1400;
				LastUpgradeCheck = 1400;
				TargetAttributes = {
					920396DE28F1AC6700FCD995 = {
						CreatedOnToolsVersion = 14.0.1;
					};
					920396F328F1AC6900FCD995 = {
						CreatedOnToolsVersion = 14.0.1;
						TestTargetID = 920396DE28F1AC6700FCD995;
					};
					920396FD28F1AC6900FCD995 = {
						CreatedOnToolsVersion = 14.0.1;
						TestTargetID = 920396DE28F1AC6700FCD995;
					};
				};
			};
			buildConfigurationList = 920396DA28F1AC6700FCD995 /* Build configuration list for PBXProject "MelhorAppDeLembretes" */;
			compatibilityVersion = "Xcode 14.0";
			developmentRegion = en;
			hasScannedForEncodings = 0;
			knownRegions = (
				en,
				Base,
			);
			mainGroup = 920396D628F1AC6700FCD995;
			packageReferences = (
				9286E60728F8D79F00A6E96B /* XCRemoteSwiftPackageReference "firebase-ios-sdk" */,
			);
			productRefGroup = 920396E028F1AC6700FCD995 /* Products */;
			projectDirPath = "";
			projectRoot = "";
			targets = (
				920396DE28F1AC6700FCD995 /* MelhorAppDeLembretes */,
				920396F328F1AC6900FCD995 /* MelhorAppDeLembretesTests */,
				920396FD28F1AC6900FCD995 /* MelhorAppDeLembretesUITests */,
			);
		};
/* End PBXProject section */

/* Begin PBXResourcesBuildPhase section */
		920396DD28F1AC6700FCD995 /* Resources */ = {
			isa = PBXResourcesBuildPhase;
			buildActionMask = 2147483647;
			files = (
				920396EA28F1AC6900FCD995 /* Preview Assets.xcassets in Resources */,
				920396E728F1AC6900FCD995 /* Assets.xcassets in Resources */,
				9286E63F28F8DBC100A6E96B /* GoogleService-Info.plist in Resources */,
			);
			runOnlyForDeploymentPostprocessing = 0;
		};
		920396F228F1AC6900FCD995 /* Resources */ = {
			isa = PBXResourcesBuildPhase;
			buildActionMask = 2147483647;
			files = (
			);
			runOnlyForDeploymentPostprocessing = 0;
		};
		920396FC28F1AC6900FCD995 /* Resources */ = {
			isa = PBXResourcesBuildPhase;
			buildActionMask = 2147483647;
			files = (
			);
			runOnlyForDeploymentPostprocessing = 0;
		};
/* End PBXResourcesBuildPhase section */

/* Begin PBXSourcesBuildPhase section */
		920396DB28F1AC6700FCD995 /* Sources */ = {
			isa = PBXSourcesBuildPhase;
			buildActionMask = 2147483647;
			files = (
				920396EC28F1AC6900FCD995 /* Persistence.swift in Sources */,
				920396E528F1AC6700FCD995 /* ContentView.swift in Sources */,
				920396E328F1AC6700FCD995 /* MelhorAppDeLembretesApp.swift in Sources */,
				920396EF28F1AC6900FCD995 /* MelhorAppDeLembretes.xcdatamodeld in Sources */,
				920F2E3128F5ACBB00C823E0 /* AboutView.swift in Sources */,
			);
			runOnlyForDeploymentPostprocessing = 0;
		};
		920396F028F1AC6900FCD995 /* Sources */ = {
			isa = PBXSourcesBuildPhase;
			buildActionMask = 2147483647;
			files = (
				920396F928F1AC6900FCD995 /* MelhorAppDeLembretesTests.swift in Sources */,
			);
			runOnlyForDeploymentPostprocessing = 0;
		};
		920396FA28F1AC6900FCD995 /* Sources */ = {
			isa = PBXSourcesBuildPhase;
			buildActionMask = 2147483647;
			files = (
				9203970528F1AC6900FCD995 /* MelhorAppDeLembretesUITestsLaunchTests.swift in Sources */,
				9203970328F1AC6900FCD995 /* MelhorAppDeLembretesUITests.swift in Sources */,
			);
			runOnlyForDeploymentPostprocessing = 0;
		};
/* End PBXSourcesBuildPhase section */

/* Begin PBXTargetDependency section */
		920396F628F1AC6900FCD995 /* PBXTargetDependency */ = {
			isa = PBXTargetDependency;
			target = 920396DE28F1AC6700FCD995 /* MelhorAppDeLembretes */;
			targetProxy = 920396F528F1AC6900FCD995 /* PBXContainerItemProxy */;
		};
		9203970028F1AC6900FCD995 /* PBXTargetDependency */ = {
			isa = PBXTargetDependency;
			target = 920396DE28F1AC6700FCD995 /* MelhorAppDeLembretes */;
			targetProxy = 920396FF28F1AC6900FCD995 /* PBXContainerItemProxy */;
		};
/* End PBXTargetDependency section */

/* Begin XCBuildConfiguration section */
		9203970628F1AC6900FCD995 /* Debug */ = {
			isa = XCBuildConfiguration;
			buildSettings = {
				ALWAYS_SEARCH_USER_PATHS = NO;
				CLANG_ANALYZER_NONNULL = YES;
				CLANG_ANALYZER_NUMBER_OBJECT_CONVERSION = YES_AGGRESSIVE;
				CLANG_CXX_LANGUAGE_STANDARD = "gnu++20";
				CLANG_ENABLE_MODULES = YES;
				CLANG_ENABLE_OBJC_ARC = YES;
				CLANG_ENABLE_OBJC_WEAK = YES;
				CLANG_WARN_BLOCK_CAPTURE_AUTORELEASING = YES;
				CLANG_WARN_BOOL_CONVERSION = YES;
				CLANG_WARN_COMMA = YES;
				CLANG_WARN_CONSTANT_CONVERSION = YES;
				CLANG_WARN_DEPRECATED_OBJC_IMPLEMENTATIONS = YES;
				CLANG_WARN_DIRECT_OBJC_ISA_USAGE = YES_ERROR;
				CLANG_WARN_DOCUMENTATION_COMMENTS = YES;
				CLANG_WARN_EMPTY_BODY = YES;
				CLANG_WARN_ENUM_CONVERSION = YES;
				CLANG_WARN_INFINITE_RECURSION = YES;
				CLANG_WARN_INT_CONVERSION = YES;
				CLANG_WARN_NON_LITERAL_NULL_CONVERSION = YES;
				CLANG_WARN_OBJC_IMPLICIT_RETAIN_SELF = YES;
				CLANG_WARN_OBJC_LITERAL_CONVERSION = YES;
				CLANG_WARN_OBJC_ROOT_CLASS = YES_ERROR;
				CLANG_WARN_QUOTED_INCLUDE_IN_FRAMEWORK_HEADER = YES;
				CLANG_WARN_RANGE_LOOP_ANALYSIS = YES;
				CLANG_WARN_STRICT_PROTOTYPES = YES;
				CLANG_WARN_SUSPICIOUS_MOVE = YES;
				CLANG_WARN_UNGUARDED_AVAILABILITY = YES_AGGRESSIVE;
				CLANG_WARN_UNREACHABLE_CODE = YES;
				CLANG_WARN__DUPLICATE_METHOD_MATCH = YES;
				COPY_PHASE_STRIP = NO;
				DEBUG_INFORMATION_FORMAT = dwarf;
				ENABLE_STRICT_OBJC_MSGSEND = YES;
				ENABLE_TESTABILITY = YES;
				GCC_C_LANGUAGE_STANDARD = gnu11;
				GCC_DYNAMIC_NO_PIC = NO;
				GCC_NO_COMMON_BLOCKS = YES;
				GCC_OPTIMIZATION_LEVEL = 0;
				GCC_PREPROCESSOR_DEFINITIONS = (
					"DEBUG=1",
					"$(inherited)",
				);
				GCC_WARN_64_TO_32_BIT_CONVERSION = YES;
				GCC_WARN_ABOUT_RETURN_TYPE = YES_ERROR;
				GCC_WARN_UNDECLARED_SELECTOR = YES;
				GCC_WARN_UNINITIALIZED_AUTOS = YES_AGGRESSIVE;
				GCC_WARN_UNUSED_FUNCTION = YES;
				GCC_WARN_UNUSED_VARIABLE = YES;
				IPHONEOS_DEPLOYMENT_TARGET = 16.0;
				MTL_ENABLE_DEBUG_INFO = INCLUDE_SOURCE;
				MTL_FAST_MATH = YES;
				ONLY_ACTIVE_ARCH = YES;
				SDKROOT = iphoneos;
				SWIFT_ACTIVE_COMPILATION_CONDITIONS = DEBUG;
				SWIFT_OPTIMIZATION_LEVEL = "-Onone";
			};
			name = Debug;
		};
		9203970728F1AC6900FCD995 /* Release */ = {
			isa = XCBuildConfiguration;
			buildSettings = {
				ALWAYS_SEARCH_USER_PATHS = NO;
				CLANG_ANALYZER_NONNULL = YES;
				CLANG_ANALYZER_NUMBER_OBJECT_CONVERSION = YES_AGGRESSIVE;
				CLANG_CXX_LANGUAGE_STANDARD = "gnu++20";
				CLANG_ENABLE_MODULES = YES;
				CLANG_ENABLE_OBJC_ARC = YES;
				CLANG_ENABLE_OBJC_WEAK = YES;
				CLANG_WARN_BLOCK_CAPTURE_AUTORELEASING = YES;
				CLANG_WARN_BOOL_CONVERSION = YES;
				CLANG_WARN_COMMA = YES;
				CLANG_WARN_CONSTANT_CONVERSION = YES;
				CLANG_WARN_DEPRECATED_OBJC_IMPLEMENTATIONS = YES;
				CLANG_WARN_DIRECT_OBJC_ISA_USAGE = YES_ERROR;
				CLANG_WARN_DOCUMENTATION_COMMENTS = YES;
				CLANG_WARN_EMPTY_BODY = YES;
				CLANG_WARN_ENUM_CONVERSION = YES;
				CLANG_WARN_INFINITE_RECURSION = YES;
				CLANG_WARN_INT_CONVERSION = YES;
				CLANG_WARN_NON_LITERAL_NULL_CONVERSION = YES;
				CLANG_WARN_OBJC_IMPLICIT_RETAIN_SELF = YES;
				CLANG_WARN_OBJC_LITERAL_CONVERSION = YES;
				CLANG_WARN_OBJC_ROOT_CLASS = YES_ERROR;
				CLANG_WARN_QUOTED_INCLUDE_IN_FRAMEWORK_HEADER = YES;
				CLANG_WARN_RANGE_LOOP_ANALYSIS = YES;
				CLANG_WARN_STRICT_PROTOTYPES = YES;
				CLANG_WARN_SUSPICIOUS_MOVE = YES;
				CLANG_WARN_UNGUARDED_AVAILABILITY = YES_AGGRESSIVE;
				CLANG_WARN_UNREACHABLE_CODE = YES;
				CLANG_WARN__DUPLICATE_METHOD_MATCH = YES;
				COPY_PHASE_STRIP = NO;
				DEBUG_INFORMATION_FORMAT = "dwarf-with-dsym";
				ENABLE_NS_ASSERTIONS = NO;
				ENABLE_STRICT_OBJC_MSGSEND = YES;
				GCC_C_LANGUAGE_STANDARD = gnu11;
				GCC_NO_COMMON_BLOCKS = YES;
				GCC_WARN_64_TO_32_BIT_CONVERSION = YES;
				GCC_WARN_ABOUT_RETURN_TYPE = YES_ERROR;
				GCC_WARN_UNDECLARED_SELECTOR = YES;
				GCC_WARN_UNINITIALIZED_AUTOS = YES_AGGRESSIVE;
				GCC_WARN_UNUSED_FUNCTION = YES;
				GCC_WARN_UNUSED_VARIABLE = YES;
				IPHONEOS_DEPLOYMENT_TARGET = 16.0;
				MTL_ENABLE_DEBUG_INFO = NO;
				MTL_FAST_MATH = YES;
				SDKROOT = iphoneos;
				SWIFT_COMPILATION_MODE = wholemodule;
				SWIFT_OPTIMIZATION_LEVEL = "-O";
				VALIDATE_PRODUCT = YES;
			};
			name = Release;
		};
		9203970928F1AC6900FCD995 /* Debug */ = {
			isa = XCBuildConfiguration;
			buildSettings = {
				ASSETCATALOG_COMPILER_APPICON_NAME = AppIcon;
				ASSETCATALOG_COMPILER_GLOBAL_ACCENT_COLOR_NAME = AccentColor;
				CODE_SIGN_STYLE = Automatic;
				CURRENT_PROJECT_VERSION = 1;
				DEVELOPMENT_ASSET_PATHS = "\"MelhorAppDeLembretes/Preview Content\"";
				ENABLE_PREVIEWS = YES;
				GENERATE_INFOPLIST_FILE = YES;
				INFOPLIST_KEY_UIApplicationSceneManifest_Generation = YES;
				INFOPLIST_KEY_UIApplicationSupportsIndirectInputEvents = YES;
				INFOPLIST_KEY_UILaunchScreen_Generation = YES;
				INFOPLIST_KEY_UISupportedInterfaceOrientations_iPad = "UIInterfaceOrientationPortrait UIInterfaceOrientationPortraitUpsideDown UIInterfaceOrientationLandscapeLeft UIInterfaceOrientationLandscapeRight";
				INFOPLIST_KEY_UISupportedInterfaceOrientations_iPhone = "UIInterfaceOrientationPortrait UIInterfaceOrientationLandscapeLeft UIInterfaceOrientationLandscapeRight";
				LD_RUNPATH_SEARCH_PATHS = (
					"$(inherited)",
					"@executable_path/Frameworks",
				);
				MARKETING_VERSION = 1.0;
				PRODUCT_BUNDLE_IDENTIFIER = DenisSousa.MelhorAppDeLembretes;
				PRODUCT_NAME = "$(TARGET_NAME)";
				SWIFT_EMIT_LOC_STRINGS = YES;
				SWIFT_VERSION = 5.0;
				TARGETED_DEVICE_FAMILY = "1,2";
			};
			name = Debug;
		};
		9203970A28F1AC6900FCD995 /* Release */ = {
			isa = XCBuildConfiguration;
			buildSettings = {
				ASSETCATALOG_COMPILER_APPICON_NAME = AppIcon;
				ASSETCATALOG_COMPILER_GLOBAL_ACCENT_COLOR_NAME = AccentColor;
				CODE_SIGN_STYLE = Automatic;
				CURRENT_PROJECT_VERSION = 1;
				DEVELOPMENT_ASSET_PATHS = "\"MelhorAppDeLembretes/Preview Content\"";
				ENABLE_PREVIEWS = YES;
				GENERATE_INFOPLIST_FILE = YES;
				INFOPLIST_KEY_UIApplicationSceneManifest_Generation = YES;
				INFOPLIST_KEY_UIApplicationSupportsIndirectInputEvents = YES;
				INFOPLIST_KEY_UILaunchScreen_Generation = YES;
				INFOPLIST_KEY_UISupportedInterfaceOrientations_iPad = "UIInterfaceOrientationPortrait UIInterfaceOrientationPortraitUpsideDown UIInterfaceOrientationLandscapeLeft UIInterfaceOrientationLandscapeRight";
				INFOPLIST_KEY_UISupportedInterfaceOrientations_iPhone = "UIInterfaceOrientationPortrait UIInterfaceOrientationLandscapeLeft UIInterfaceOrientationLandscapeRight";
				LD_RUNPATH_SEARCH_PATHS = (
					"$(inherited)",
					"@executable_path/Frameworks",
				);
				MARKETING_VERSION = 1.0;
				PRODUCT_BUNDLE_IDENTIFIER = DenisSousa.MelhorAppDeLembretes;
				PRODUCT_NAME = "$(TARGET_NAME)";
				SWIFT_EMIT_LOC_STRINGS = YES;
				SWIFT_VERSION = 5.0;
				TARGETED_DEVICE_FAMILY = "1,2";
			};
			name = Release;
		};
		9203970C28F1AC6900FCD995 /* Debug */ = {
			isa = XCBuildConfiguration;
			buildSettings = {
				ALWAYS_EMBED_SWIFT_STANDARD_LIBRARIES = YES;
				BUNDLE_LOADER = "$(TEST_HOST)";
				CODE_SIGN_STYLE = Automatic;
				CURRENT_PROJECT_VERSION = 1;
				GENERATE_INFOPLIST_FILE = YES;
				IPHONEOS_DEPLOYMENT_TARGET = 16.0;
				MARKETING_VERSION = 1.0;
				PRODUCT_BUNDLE_IDENTIFIER = DenisSousa.MelhorAppDeLembretesTests;
				PRODUCT_NAME = "$(TARGET_NAME)";
				SWIFT_EMIT_LOC_STRINGS = NO;
				SWIFT_VERSION = 5.0;
				TARGETED_DEVICE_FAMILY = "1,2";
				TEST_HOST = "$(BUILT_PRODUCTS_DIR)/MelhorAppDeLembretes.app/$(BUNDLE_EXECUTABLE_FOLDER_PATH)/MelhorAppDeLembretes";
			};
			name = Debug;
		};
		9203970D28F1AC6900FCD995 /* Release */ = {
			isa = XCBuildConfiguration;
			buildSettings = {
				ALWAYS_EMBED_SWIFT_STANDARD_LIBRARIES = YES;
				BUNDLE_LOADER = "$(TEST_HOST)";
				CODE_SIGN_STYLE = Automatic;
				CURRENT_PROJECT_VERSION = 1;
				GENERATE_INFOPLIST_FILE = YES;
				IPHONEOS_DEPLOYMENT_TARGET = 16.0;
				MARKETING_VERSION = 1.0;
				PRODUCT_BUNDLE_IDENTIFIER = DenisSousa.MelhorAppDeLembretesTests;
				PRODUCT_NAME = "$(TARGET_NAME)";
				SWIFT_EMIT_LOC_STRINGS = NO;
				SWIFT_VERSION = 5.0;
				TARGETED_DEVICE_FAMILY = "1,2";
				TEST_HOST = "$(BUILT_PRODUCTS_DIR)/MelhorAppDeLembretes.app/$(BUNDLE_EXECUTABLE_FOLDER_PATH)/MelhorAppDeLembretes";
			};
			name = Release;
		};
		9203970F28F1AC6900FCD995 /* Debug */ = {
			isa = XCBuildConfiguration;
			buildSettings = {
				ALWAYS_EMBED_SWIFT_STANDARD_LIBRARIES = YES;
				CODE_SIGN_STYLE = Automatic;
				CURRENT_PROJECT_VERSION = 1;
				GENERATE_INFOPLIST_FILE = YES;
				MARKETING_VERSION = 1.0;
				PRODUCT_BUNDLE_IDENTIFIER = DenisSousa.MelhorAppDeLembretesUITests;
				PRODUCT_NAME = "$(TARGET_NAME)";
				SWIFT_EMIT_LOC_STRINGS = NO;
				SWIFT_VERSION = 5.0;
				TARGETED_DEVICE_FAMILY = "1,2";
				TEST_TARGET_NAME = MelhorAppDeLembretes;
			};
			name = Debug;
		};
		9203971028F1AC6900FCD995 /* Release */ = {
			isa = XCBuildConfiguration;
			buildSettings = {
				ALWAYS_EMBED_SWIFT_STANDARD_LIBRARIES = YES;
				CODE_SIGN_STYLE = Automatic;
				CURRENT_PROJECT_VERSION = 1;
				GENERATE_INFOPLIST_FILE = YES;
				MARKETING_VERSION = 1.0;
				PRODUCT_BUNDLE_IDENTIFIER = DenisSousa.MelhorAppDeLembretesUITests;
				PRODUCT_NAME = "$(TARGET_NAME)";
				SWIFT_EMIT_LOC_STRINGS = NO;
				SWIFT_VERSION = 5.0;
				TARGETED_DEVICE_FAMILY = "1,2";
				TEST_TARGET_NAME = MelhorAppDeLembretes;
			};
			name = Release;
		};
/* End XCBuildConfiguration section */

/* Begin XCConfigurationList section */
		920396DA28F1AC6700FCD995 /* Build configuration list for PBXProject "MelhorAppDeLembretes" */ = {
			isa = XCConfigurationList;
			buildConfigurations = (
				9203970628F1AC6900FCD995 /* Debug */,
				9203970728F1AC6900FCD995 /* Release */,
			);
			defaultConfigurationIsVisible = 0;
			defaultConfigurationName = Release;
		};
		9203970828F1AC6900FCD995 /* Build configuration list for PBXNativeTarget "MelhorAppDeLembretes" */ = {
			isa = XCConfigurationList;
			buildConfigurations = (
				9203970928F1AC6900FCD995 /* Debug */,
				9203970A28F1AC6900FCD995 /* Release */,
			);
			defaultConfigurationIsVisible = 0;
			defaultConfigurationName = Release;
		};
		9203970B28F1AC6900FCD995 /* Build configuration list for PBXNativeTarget "MelhorAppDeLembretesTests" */ = {
			isa = XCConfigurationList;
			buildConfigurations = (
				9203970C28F1AC6900FCD995 /* Debug */,
				9203970D28F1AC6900FCD995 /* Release */,
			);
			defaultConfigurationIsVisible = 0;
			defaultConfigurationName = Release;
		};
		9203970E28F1AC6900FCD995 /* Build configuration list for PBXNativeTarget "MelhorAppDeLembretesUITests" */ = {
			isa = XCConfigurationList;
			buildConfigurations = (
				9203970F28F1AC6900FCD995 /* Debug */,
				9203971028F1AC6900FCD995 /* Release */,
			);
			defaultConfigurationIsVisible = 0;
			defaultConfigurationName = Release;
		};
/* End XCConfigurationList section */

/* Begin XCRemoteSwiftPackageReference section */
		9286E60728F8D79F00A6E96B /* XCRemoteSwiftPackageReference "firebase-ios-sdk" */ = {
			isa = XCRemoteSwiftPackageReference;
			repositoryURL = "https://github.com/firebase/firebase-ios-sdk";
			requirement = {
				branch = master;
				kind = branch;
			};
		};
/* End XCRemoteSwiftPackageReference section */

/* Begin XCSwiftPackageProductDependency section */
		9286E60828F8D79F00A6E96B /* FirebaseAnalytics */ = {
			isa = XCSwiftPackageProductDependency;
			package = 9286E60728F8D79F00A6E96B /* XCRemoteSwiftPackageReference "firebase-ios-sdk" */;
			productName = FirebaseAnalytics;
		};
		9286E60A28F8D79F00A6E96B /* FirebaseAnalyticsOnDeviceConversion */ = {
			isa = XCSwiftPackageProductDependency;
			package = 9286E60728F8D79F00A6E96B /* XCRemoteSwiftPackageReference "firebase-ios-sdk" */;
			productName = FirebaseAnalyticsOnDeviceConversion;
		};
		9286E60C28F8D79F00A6E96B /* FirebaseAnalyticsSwift */ = {
			isa = XCSwiftPackageProductDependency;
			package = 9286E60728F8D79F00A6E96B /* XCRemoteSwiftPackageReference "firebase-ios-sdk" */;
			productName = FirebaseAnalyticsSwift;
		};
		9286E60E28F8D79F00A6E96B /* FirebaseAnalyticsWithoutAdIdSupport */ = {
			isa = XCSwiftPackageProductDependency;
			package = 9286E60728F8D79F00A6E96B /* XCRemoteSwiftPackageReference "firebase-ios-sdk" */;
			productName = FirebaseAnalyticsWithoutAdIdSupport;
		};
		9286E61028F8D79F00A6E96B /* FirebaseAppCheck */ = {
			isa = XCSwiftPackageProductDependency;
			package = 9286E60728F8D79F00A6E96B /* XCRemoteSwiftPackageReference "firebase-ios-sdk" */;
			productName = FirebaseAppCheck;
		};
		9286E61228F8D79F00A6E96B /* FirebaseAppDistribution-Beta */ = {
			isa = XCSwiftPackageProductDependency;
			package = 9286E60728F8D79F00A6E96B /* XCRemoteSwiftPackageReference "firebase-ios-sdk" */;
			productName = "FirebaseAppDistribution-Beta";
		};
		9286E61428F8D79F00A6E96B /* FirebaseAuth */ = {
			isa = XCSwiftPackageProductDependency;
			package = 9286E60728F8D79F00A6E96B /* XCRemoteSwiftPackageReference "firebase-ios-sdk" */;
			productName = FirebaseAuth;
		};
		9286E61628F8D79F00A6E96B /* FirebaseAuthCombine-Community */ = {
			isa = XCSwiftPackageProductDependency;
			package = 9286E60728F8D79F00A6E96B /* XCRemoteSwiftPackageReference "firebase-ios-sdk" */;
			productName = "FirebaseAuthCombine-Community";
		};
		9286E61828F8D79F00A6E96B /* FirebaseCrashlytics */ = {
			isa = XCSwiftPackageProductDependency;
			package = 9286E60728F8D79F00A6E96B /* XCRemoteSwiftPackageReference "firebase-ios-sdk" */;
			productName = FirebaseCrashlytics;
		};
		9286E61A28F8D79F00A6E96B /* FirebaseDatabase */ = {
			isa = XCSwiftPackageProductDependency;
			package = 9286E60728F8D79F00A6E96B /* XCRemoteSwiftPackageReference "firebase-ios-sdk" */;
			productName = FirebaseDatabase;
		};
		9286E61C28F8D79F00A6E96B /* FirebaseDatabaseSwift */ = {
			isa = XCSwiftPackageProductDependency;
			package = 9286E60728F8D79F00A6E96B /* XCRemoteSwiftPackageReference "firebase-ios-sdk" */;
			productName = FirebaseDatabaseSwift;
		};
		9286E61E28F8D79F00A6E96B /* FirebaseDynamicLinks */ = {
			isa = XCSwiftPackageProductDependency;
			package = 9286E60728F8D79F00A6E96B /* XCRemoteSwiftPackageReference "firebase-ios-sdk" */;
			productName = FirebaseDynamicLinks;
		};
		9286E62028F8D79F00A6E96B /* FirebaseFirestore */ = {
			isa = XCSwiftPackageProductDependency;
			package = 9286E60728F8D79F00A6E96B /* XCRemoteSwiftPackageReference "firebase-ios-sdk" */;
			productName = FirebaseFirestore;
		};
		9286E62228F8D79F00A6E96B /* FirebaseFirestoreCombine-Community */ = {
			isa = XCSwiftPackageProductDependency;
			package = 9286E60728F8D79F00A6E96B /* XCRemoteSwiftPackageReference "firebase-ios-sdk" */;
			productName = "FirebaseFirestoreCombine-Community";
		};
		9286E62428F8D79F00A6E96B /* FirebaseFirestoreSwift */ = {
			isa = XCSwiftPackageProductDependency;
			package = 9286E60728F8D79F00A6E96B /* XCRemoteSwiftPackageReference "firebase-ios-sdk" */;
			productName = FirebaseFirestoreSwift;
		};
		9286E62628F8D79F00A6E96B /* FirebaseFunctions */ = {
			isa = XCSwiftPackageProductDependency;
			package = 9286E60728F8D79F00A6E96B /* XCRemoteSwiftPackageReference "firebase-ios-sdk" */;
			productName = FirebaseFunctions;
		};
		9286E62828F8D79F00A6E96B /* FirebaseFunctionsCombine-Community */ = {
			isa = XCSwiftPackageProductDependency;
			package = 9286E60728F8D79F00A6E96B /* XCRemoteSwiftPackageReference "firebase-ios-sdk" */;
			productName = "FirebaseFunctionsCombine-Community";
		};
		9286E62A28F8D79F00A6E96B /* FirebaseInAppMessaging-Beta */ = {
			isa = XCSwiftPackageProductDependency;
			package = 9286E60728F8D79F00A6E96B /* XCRemoteSwiftPackageReference "firebase-ios-sdk" */;
			productName = "FirebaseInAppMessaging-Beta";
		};
		9286E62C28F8D79F00A6E96B /* FirebaseInAppMessagingSwift-Beta */ = {
			isa = XCSwiftPackageProductDependency;
			package = 9286E60728F8D79F00A6E96B /* XCRemoteSwiftPackageReference "firebase-ios-sdk" */;
			productName = "FirebaseInAppMessagingSwift-Beta";
		};
		9286E62E28F8D79F00A6E96B /* FirebaseInstallations */ = {
			isa = XCSwiftPackageProductDependency;
			package = 9286E60728F8D79F00A6E96B /* XCRemoteSwiftPackageReference "firebase-ios-sdk" */;
			productName = FirebaseInstallations;
		};
		9286E63028F8D79F00A6E96B /* FirebaseMLModelDownloader */ = {
			isa = XCSwiftPackageProductDependency;
			package = 9286E60728F8D79F00A6E96B /* XCRemoteSwiftPackageReference "firebase-ios-sdk" */;
			productName = FirebaseMLModelDownloader;
		};
		9286E63228F8D79F00A6E96B /* FirebaseMessaging */ = {
			isa = XCSwiftPackageProductDependency;
			package = 9286E60728F8D79F00A6E96B /* XCRemoteSwiftPackageReference "firebase-ios-sdk" */;
			productName = FirebaseMessaging;
		};
		9286E63428F8D79F00A6E96B /* FirebasePerformance */ = {
			isa = XCSwiftPackageProductDependency;
			package = 9286E60728F8D79F00A6E96B /* XCRemoteSwiftPackageReference "firebase-ios-sdk" */;
			productName = FirebasePerformance;
		};
		9286E63628F8D79F00A6E96B /* FirebaseRemoteConfig */ = {
			isa = XCSwiftPackageProductDependency;
			package = 9286E60728F8D79F00A6E96B /* XCRemoteSwiftPackageReference "firebase-ios-sdk" */;
			productName = FirebaseRemoteConfig;
		};
		9286E63828F8D79F00A6E96B /* FirebaseRemoteConfigSwift */ = {
			isa = XCSwiftPackageProductDependency;
			package = 9286E60728F8D79F00A6E96B /* XCRemoteSwiftPackageReference "firebase-ios-sdk" */;
			productName = FirebaseRemoteConfigSwift;
		};
		9286E63A28F8D79F00A6E96B /* FirebaseStorage */ = {
			isa = XCSwiftPackageProductDependency;
			package = 9286E60728F8D79F00A6E96B /* XCRemoteSwiftPackageReference "firebase-ios-sdk" */;
			productName = FirebaseStorage;
		};
		9286E63C28F8D79F00A6E96B /* FirebaseStorageCombine-Community */ = {
			isa = XCSwiftPackageProductDependency;
			package = 9286E60728F8D79F00A6E96B /* XCRemoteSwiftPackageReference "firebase-ios-sdk" */;
			productName = "FirebaseStorageCombine-Community";
		};
/* End XCSwiftPackageProductDependency section */

/* Begin XCVersionGroup section */
		920396ED28F1AC6900FCD995 /* MelhorAppDeLembretes.xcdatamodeld */ = {
			isa = XCVersionGroup;
			children = (
				920396EE28F1AC6900FCD995 /* MelhorAppDeLembretes.xcdatamodel */,
			);
			currentVersion = 920396EE28F1AC6900FCD995 /* MelhorAppDeLembretes.xcdatamodel */;
			path = MelhorAppDeLembretes.xcdatamodeld;
			sourceTree = "<group>";
			versionGroupType = wrapper.xcdatamodel;
		};
/* End XCVersionGroup section */
	};
	rootObject = 920396D728F1AC6700FCD995 /* Project object */;
}
